// !$*UTF8*$!
{
	archiveVersion = 1;
	classes = {
	};
	objectVersion = 56;
	objects = {

/* Begin PBXBuildFile section */
		71A6BD692CCBFDA8008BB9C2 /* Assets.xcassets in Resources */ = {isa = PBXBuildFile; fileRef = 71A6BD682CCBFDA8008BB9C2 /* Assets.xcassets */; };
		71A6BD6C2CCBFDA8008BB9C2 /* Preview Assets.xcassets in Resources */ = {isa = PBXBuildFile; fileRef = 71A6BD6B2CCBFDA8008BB9C2 /* Preview Assets.xcassets */; };
		71A6BD762CCBFDA8008BB9C2 /* CrowTraderTests.swift in Sources */ = {isa = PBXBuildFile; fileRef = 71A6BD752CCBFDA8008BB9C2 /* CrowTraderTests.swift */; };
		71A6BD802CCBFDA8008BB9C2 /* CrowTraderUITests.swift in Sources */ = {isa = PBXBuildFile; fileRef = 71A6BD7F2CCBFDA8008BB9C2 /* CrowTraderUITests.swift */; };
		71A6BD822CCBFDA8008BB9C2 /* CrowTraderUITestsLaunchTests.swift in Sources */ = {isa = PBXBuildFile; fileRef = 71A6BD812CCBFDA8008BB9C2 /* CrowTraderUITestsLaunchTests.swift */; };
		71A6BDC22CCBFE3A008BB9C2 /* CrowTraderCoordinator.swift in Sources */ = {isa = PBXBuildFile; fileRef = 71A6BDC12CCBFE3A008BB9C2 /* CrowTraderCoordinator.swift */; };
		71A6BDC92CCC02F8008BB9C2 /* DIContainer.swift in Sources */ = {isa = PBXBuildFile; fileRef = 71A6BDC82CCC02F8008BB9C2 /* DIContainer.swift */; };
		71A6BDCC2CCC038E008BB9C2 /* CrowTrader.xcdatamodeld in Sources */ = {isa = PBXBuildFile; fileRef = 71A6BDCA2CCC038E008BB9C2 /* CrowTrader.xcdatamodeld */; };
		71A6BDCF2CCC03B4008BB9C2 /* CoreDataController.swift in Sources */ = {isa = PBXBuildFile; fileRef = 71A6BDCE2CCC03B4008BB9C2 /* CoreDataController.swift */; };
		71A6BDD22CCC04DA008BB9C2 /* Coordinator.swift in Sources */ = {isa = PBXBuildFile; fileRef = 71A6BDD12CCC04DA008BB9C2 /* Coordinator.swift */; };
		71A6BDD42CCC05F0008BB9C2 /* AppCoordinator.swift in Sources */ = {isa = PBXBuildFile; fileRef = 71A6BDD32CCC05F0008BB9C2 /* AppCoordinator.swift */; };
		71A6BDD82CCC09AA008BB9C2 /* AppDelegate.swift in Sources */ = {isa = PBXBuildFile; fileRef = 71A6BDD72CCC09AA008BB9C2 /* AppDelegate.swift */; };
		71A6BDDA2CCC09B5008BB9C2 /* SceneDelegate.swift in Sources */ = {isa = PBXBuildFile; fileRef = 71A6BDD92CCC09B5008BB9C2 /* SceneDelegate.swift */; };
		8D00021B2D8DAE9300CD0D39 /* MainScreenViewModel.swift in Sources */ = {isa = PBXBuildFile; fileRef = 8D00021A2D8DAE9300CD0D39 /* MainScreenViewModel.swift */; };
		8D00021D2D8DB7B500CD0D39 /* APIManaging.swift in Sources */ = {isa = PBXBuildFile; fileRef = 8D00021C2D8DB7B500CD0D39 /* APIManaging.swift */; };
		8D00021F2D8DB82800CD0D39 /* Endpoint.swift in Sources */ = {isa = PBXBuildFile; fileRef = 8D00021E2D8DB82800CD0D39 /* Endpoint.swift */; };
		8D0002212D8E94F500CD0D39 /* APIError.swift in Sources */ = {isa = PBXBuildFile; fileRef = 8D0002202D8E94F500CD0D39 /* APIError.swift */; };
		8D0002232D8E95E400CD0D39 /* StockDataRouter.swift in Sources */ = {isa = PBXBuildFile; fileRef = 8D0002222D8E95E400CD0D39 /* StockDataRouter.swift */; };
		8D0002252D8E9E5A00CD0D39 /* MainPageView.swift in Sources */ = {isa = PBXBuildFile; fileRef = 8D0002242D8E9E5A00CD0D39 /* MainPageView.swift */; };
		8D0002272D8E9F1800CD0D39 /* MainViewEventHeadling.swift in Sources */ = {isa = PBXBuildFile; fileRef = 8D0002262D8E9F1800CD0D39 /* MainViewEventHeadling.swift */; };
		8DB5BF8C2D8EB442007EBFA2 /* StockData.swift in Sources */ = {isa = PBXBuildFile; fileRef = 8DB5BF8B2D8EB442007EBFA2 /* StockData.swift */; };
		8DB5BF8E2D8EB5BE007EBFA2 /* NewsDetailView.swift in Sources */ = {isa = PBXBuildFile; fileRef = 8DB5BF8D2D8EB5BE007EBFA2 /* NewsDetailView.swift */; };
		8DB5BF902D8EB5FD007EBFA2 /* NewsDetailViewEventHandling.swift in Sources */ = {isa = PBXBuildFile; fileRef = 8DB5BF8F2D8EB5FD007EBFA2 /* NewsDetailViewEventHandling.swift */; };
		8DB5BF922D8EB7A6007EBFA2 /* NewsListView.swift in Sources */ = {isa = PBXBuildFile; fileRef = 8DB5BF912D8EB7A6007EBFA2 /* NewsListView.swift */; };
		8DB5BF942D8EB852007EBFA2 /* NewsListViewEventHandling.swift in Sources */ = {isa = PBXBuildFile; fileRef = 8DB5BF932D8EB852007EBFA2 /* NewsListViewEventHandling.swift */; };
		8DB5BF962D8F58F5007EBFA2 /* SnapsListView.swift in Sources */ = {isa = PBXBuildFile; fileRef = 8DB5BF952D8F58F5007EBFA2 /* SnapsListView.swift */; };
		8DB5BF982D8F5911007EBFA2 /* StockPreview.swift in Sources */ = {isa = PBXBuildFile; fileRef = 8DB5BF972D8F5911007EBFA2 /* StockPreview.swift */; };
		8DB5BF9A2D8F5938007EBFA2 /* TabController.swift in Sources */ = {isa = PBXBuildFile; fileRef = 8DB5BF992D8F5938007EBFA2 /* TabController.swift */; };
		8DB5BF9C2D8F59A7007EBFA2 /* StockPreviewEventHandling.swift in Sources */ = {isa = PBXBuildFile; fileRef = 8DB5BF9B2D8F59A7007EBFA2 /* StockPreviewEventHandling.swift */; };
		8DB5BF9E2D8F5E54007EBFA2 /* TabControllerEventHandling.swift in Sources */ = {isa = PBXBuildFile; fileRef = 8DB5BF9D2D8F5E54007EBFA2 /* TabControllerEventHandling.swift */; };
		8DB5BFA02D8F5F03007EBFA2 /* WatchListView.swift in Sources */ = {isa = PBXBuildFile; fileRef = 8DB5BF9F2D8F5F03007EBFA2 /* WatchListView.swift */; };
		8DB5BFA52D9142C8007EBFA2 /* NewsDataRouter.swift in Sources */ = {isa = PBXBuildFile; fileRef = 8DB5BFA42D9142C8007EBFA2 /* NewsDataRouter.swift */; };
		8DB5BFA72D91433E007EBFA2 /* MoversDataRouter.swift in Sources */ = {isa = PBXBuildFile; fileRef = 8DB5BFA62D91433E007EBFA2 /* MoversDataRouter.swift */; };
		8DB5BFA92D914637007EBFA2 /* ChartData.swift in Sources */ = {isa = PBXBuildFile; fileRef = 8DB5BFA82D914637007EBFA2 /* ChartData.swift */; };
		8DB5BFAB2D914647007EBFA2 /* InfoData.swift in Sources */ = {isa = PBXBuildFile; fileRef = 8DB5BFAA2D914646007EBFA2 /* InfoData.swift */; };
		8DB5BFAD2D91465D007EBFA2 /* SearchData.swift in Sources */ = {isa = PBXBuildFile; fileRef = 8DB5BFAC2D91465D007EBFA2 /* SearchData.swift */; };
		8DB5BFAF2D91466D007EBFA2 /* NewsData.swift in Sources */ = {isa = PBXBuildFile; fileRef = 8DB5BFAE2D91466D007EBFA2 /* NewsData.swift */; };
		8DB5BFB12D91467C007EBFA2 /* MoversData.swift in Sources */ = {isa = PBXBuildFile; fileRef = 8DB5BFB02D91467C007EBFA2 /* MoversData.swift */; };
		8DB5BFB32D917A9D007EBFA2 /* StockPreviewViewModel.swift in Sources */ = {isa = PBXBuildFile; fileRef = 8DB5BFB22D917A9D007EBFA2 /* StockPreviewViewModel.swift */; };
		8DB5BFB52D9191B6007EBFA2 /* StockChartView.swift in Sources */ = {isa = PBXBuildFile; fileRef = 8DB5BFB42D9191B6007EBFA2 /* StockChartView.swift */; };
		8DB5BFB72D919672007EBFA2 /* NewsListSceenViewModel.swift in Sources */ = {isa = PBXBuildFile; fileRef = 8DB5BFB62D919672007EBFA2 /* NewsListSceenViewModel.swift */; };
/* End PBXBuildFile section */

/* Begin PBXContainerItemProxy section */
		71A6BD722CCBFDA8008BB9C2 /* PBXContainerItemProxy */ = {
			isa = PBXContainerItemProxy;
			containerPortal = 71A6BD592CCBFDA7008BB9C2 /* Project object */;
			proxyType = 1;
			remoteGlobalIDString = 71A6BD602CCBFDA7008BB9C2;
			remoteInfo = CrowTrader;
		};
		71A6BD7C2CCBFDA8008BB9C2 /* PBXContainerItemProxy */ = {
			isa = PBXContainerItemProxy;
			containerPortal = 71A6BD592CCBFDA7008BB9C2 /* Project object */;
			proxyType = 1;
			remoteGlobalIDString = 71A6BD602CCBFDA7008BB9C2;
			remoteInfo = CrowTrader;
		};
/* End PBXContainerItemProxy section */

/* Begin PBXCopyFilesBuildPhase section */
		71A6BDB02CCBFDA9008BB9C2 /* Embed Watch Content */ = {
			isa = PBXCopyFilesBuildPhase;
			buildActionMask = 2147483647;
			dstPath = "$(CONTENTS_FOLDER_PATH)/Watch";
			dstSubfolderSpec = 16;
			files = (
			);
			name = "Embed Watch Content";
			runOnlyForDeploymentPostprocessing = 0;
		};
/* End PBXCopyFilesBuildPhase section */

/* Begin PBXFileReference section */
		71A6BD612CCBFDA7008BB9C2 /* CrowTrader.app */ = {isa = PBXFileReference; explicitFileType = wrapper.application; includeInIndex = 0; path = CrowTrader.app; sourceTree = BUILT_PRODUCTS_DIR; };
		71A6BD682CCBFDA8008BB9C2 /* Assets.xcassets */ = {isa = PBXFileReference; lastKnownFileType = folder.assetcatalog; path = Assets.xcassets; sourceTree = "<group>"; };
		71A6BD6B2CCBFDA8008BB9C2 /* Preview Assets.xcassets */ = {isa = PBXFileReference; lastKnownFileType = folder.assetcatalog; path = "Preview Assets.xcassets"; sourceTree = "<group>"; };
		71A6BD712CCBFDA8008BB9C2 /* CrowTraderTests.xctest */ = {isa = PBXFileReference; explicitFileType = wrapper.cfbundle; includeInIndex = 0; path = CrowTraderTests.xctest; sourceTree = BUILT_PRODUCTS_DIR; };
		71A6BD752CCBFDA8008BB9C2 /* CrowTraderTests.swift */ = {isa = PBXFileReference; lastKnownFileType = sourcecode.swift; path = CrowTraderTests.swift; sourceTree = "<group>"; };
		71A6BD7B2CCBFDA8008BB9C2 /* CrowTraderUITests.xctest */ = {isa = PBXFileReference; explicitFileType = wrapper.cfbundle; includeInIndex = 0; path = CrowTraderUITests.xctest; sourceTree = BUILT_PRODUCTS_DIR; };
		71A6BD7F2CCBFDA8008BB9C2 /* CrowTraderUITests.swift */ = {isa = PBXFileReference; lastKnownFileType = sourcecode.swift; path = CrowTraderUITests.swift; sourceTree = "<group>"; };
		71A6BD812CCBFDA8008BB9C2 /* CrowTraderUITestsLaunchTests.swift */ = {isa = PBXFileReference; lastKnownFileType = sourcecode.swift; path = CrowTraderUITestsLaunchTests.swift; sourceTree = "<group>"; };
		71A6BDC12CCBFE3A008BB9C2 /* CrowTraderCoordinator.swift */ = {isa = PBXFileReference; lastKnownFileType = sourcecode.swift; path = CrowTraderCoordinator.swift; sourceTree = "<group>"; };
		71A6BDC82CCC02F8008BB9C2 /* DIContainer.swift */ = {isa = PBXFileReference; lastKnownFileType = sourcecode.swift; path = DIContainer.swift; sourceTree = "<group>"; };
		71A6BDCB2CCC038E008BB9C2 /* CrowTrader.xcdatamodel */ = {isa = PBXFileReference; lastKnownFileType = wrapper.xcdatamodel; path = CrowTrader.xcdatamodel; sourceTree = "<group>"; };
		71A6BDCE2CCC03B4008BB9C2 /* CoreDataController.swift */ = {isa = PBXFileReference; lastKnownFileType = sourcecode.swift; path = CoreDataController.swift; sourceTree = "<group>"; };
		71A6BDD12CCC04DA008BB9C2 /* Coordinator.swift */ = {isa = PBXFileReference; lastKnownFileType = sourcecode.swift; path = Coordinator.swift; sourceTree = "<group>"; };
		71A6BDD32CCC05F0008BB9C2 /* AppCoordinator.swift */ = {isa = PBXFileReference; lastKnownFileType = sourcecode.swift; path = AppCoordinator.swift; sourceTree = "<group>"; };
		71A6BDD72CCC09AA008BB9C2 /* AppDelegate.swift */ = {isa = PBXFileReference; lastKnownFileType = sourcecode.swift; path = AppDelegate.swift; sourceTree = "<group>"; };
		71A6BDD92CCC09B5008BB9C2 /* SceneDelegate.swift */ = {isa = PBXFileReference; lastKnownFileType = sourcecode.swift; path = SceneDelegate.swift; sourceTree = "<group>"; };
		71A6BDDB2CCC1112008BB9C2 /* Info.plist */ = {isa = PBXFileReference; lastKnownFileType = text.plist.xml; path = Info.plist; sourceTree = "<group>"; };
		8D00021A2D8DAE9300CD0D39 /* MainScreenViewModel.swift */ = {isa = PBXFileReference; lastKnownFileType = sourcecode.swift; path = MainScreenViewModel.swift; sourceTree = "<group>"; };
		8D00021C2D8DB7B500CD0D39 /* APIManaging.swift */ = {isa = PBXFileReference; lastKnownFileType = sourcecode.swift; path = APIManaging.swift; sourceTree = "<group>"; };
		8D00021E2D8DB82800CD0D39 /* Endpoint.swift */ = {isa = PBXFileReference; lastKnownFileType = sourcecode.swift; path = Endpoint.swift; sourceTree = "<group>"; };
		8D0002202D8E94F500CD0D39 /* APIError.swift */ = {isa = PBXFileReference; lastKnownFileType = sourcecode.swift; path = APIError.swift; sourceTree = "<group>"; };
		8D0002222D8E95E400CD0D39 /* StockDataRouter.swift */ = {isa = PBXFileReference; lastKnownFileType = sourcecode.swift; path = StockDataRouter.swift; sourceTree = "<group>"; };
		8D0002242D8E9E5A00CD0D39 /* MainPageView.swift */ = {isa = PBXFileReference; lastKnownFileType = sourcecode.swift; path = MainPageView.swift; sourceTree = "<group>"; };
		8D0002262D8E9F1800CD0D39 /* MainViewEventHeadling.swift */ = {isa = PBXFileReference; lastKnownFileType = sourcecode.swift; path = MainViewEventHeadling.swift; sourceTree = "<group>"; };
		8DB5BF8B2D8EB442007EBFA2 /* StockData.swift */ = {isa = PBXFileReference; lastKnownFileType = sourcecode.swift; path = StockData.swift; sourceTree = "<group>"; };
		8DB5BF8D2D8EB5BE007EBFA2 /* NewsDetailView.swift */ = {isa = PBXFileReference; lastKnownFileType = sourcecode.swift; path = NewsDetailView.swift; sourceTree = "<group>"; };
		8DB5BF8F2D8EB5FD007EBFA2 /* NewsDetailViewEventHandling.swift */ = {isa = PBXFileReference; lastKnownFileType = sourcecode.swift; path = NewsDetailViewEventHandling.swift; sourceTree = "<group>"; };
		8DB5BF912D8EB7A6007EBFA2 /* NewsListView.swift */ = {isa = PBXFileReference; lastKnownFileType = sourcecode.swift; path = NewsListView.swift; sourceTree = "<group>"; };
		8DB5BF932D8EB852007EBFA2 /* NewsListViewEventHandling.swift */ = {isa = PBXFileReference; lastKnownFileType = sourcecode.swift; path = NewsListViewEventHandling.swift; sourceTree = "<group>"; };
		8DB5BF952D8F58F5007EBFA2 /* SnapsListView.swift */ = {isa = PBXFileReference; lastKnownFileType = sourcecode.swift; path = SnapsListView.swift; sourceTree = "<group>"; };
		8DB5BF972D8F5911007EBFA2 /* StockPreview.swift */ = {isa = PBXFileReference; lastKnownFileType = sourcecode.swift; path = StockPreview.swift; sourceTree = "<group>"; };
		8DB5BF992D8F5938007EBFA2 /* TabController.swift */ = {isa = PBXFileReference; lastKnownFileType = sourcecode.swift; path = TabController.swift; sourceTree = "<group>"; };
		8DB5BF9B2D8F59A7007EBFA2 /* StockPreviewEventHandling.swift */ = {isa = PBXFileReference; lastKnownFileType = sourcecode.swift; path = StockPreviewEventHandling.swift; sourceTree = "<group>"; };
		8DB5BF9D2D8F5E54007EBFA2 /* TabControllerEventHandling.swift */ = {isa = PBXFileReference; lastKnownFileType = sourcecode.swift; path = TabControllerEventHandling.swift; sourceTree = "<group>"; };
		8DB5BF9F2D8F5F03007EBFA2 /* WatchListView.swift */ = {isa = PBXFileReference; lastKnownFileType = sourcecode.swift; path = WatchListView.swift; sourceTree = "<group>"; };
		8DB5BFA42D9142C8007EBFA2 /* NewsDataRouter.swift */ = {isa = PBXFileReference; lastKnownFileType = sourcecode.swift; path = NewsDataRouter.swift; sourceTree = "<group>"; };
		8DB5BFA62D91433E007EBFA2 /* MoversDataRouter.swift */ = {isa = PBXFileReference; lastKnownFileType = sourcecode.swift; path = MoversDataRouter.swift; sourceTree = "<group>"; };
		8DB5BFA82D914637007EBFA2 /* ChartData.swift */ = {isa = PBXFileReference; lastKnownFileType = sourcecode.swift; path = ChartData.swift; sourceTree = "<group>"; };
		8DB5BFAA2D914646007EBFA2 /* InfoData.swift */ = {isa = PBXFileReference; lastKnownFileType = sourcecode.swift; path = InfoData.swift; sourceTree = "<group>"; };
		8DB5BFAC2D91465D007EBFA2 /* SearchData.swift */ = {isa = PBXFileReference; lastKnownFileType = sourcecode.swift; path = SearchData.swift; sourceTree = "<group>"; };
		8DB5BFAE2D91466D007EBFA2 /* NewsData.swift */ = {isa = PBXFileReference; lastKnownFileType = sourcecode.swift; path = NewsData.swift; sourceTree = "<group>"; };
		8DB5BFB02D91467C007EBFA2 /* MoversData.swift */ = {isa = PBXFileReference; lastKnownFileType = sourcecode.swift; path = MoversData.swift; sourceTree = "<group>"; };
		8DB5BFB22D917A9D007EBFA2 /* StockPreviewViewModel.swift */ = {isa = PBXFileReference; lastKnownFileType = sourcecode.swift; path = StockPreviewViewModel.swift; sourceTree = "<group>"; };
		8DB5BFB42D9191B6007EBFA2 /* StockChartView.swift */ = {isa = PBXFileReference; lastKnownFileType = sourcecode.swift; path = StockChartView.swift; sourceTree = "<group>"; };
		8DB5BFB62D919672007EBFA2 /* NewsListSceenViewModel.swift */ = {isa = PBXFileReference; lastKnownFileType = sourcecode.swift; path = NewsListSceenViewModel.swift; sourceTree = "<group>"; };
/* End PBXFileReference section */

/* Begin PBXFrameworksBuildPhase section */
		71A6BD5E2CCBFDA7008BB9C2 /* Frameworks */ = {
			isa = PBXFrameworksBuildPhase;
			buildActionMask = 2147483647;
			files = (
			);
			runOnlyForDeploymentPostprocessing = 0;
		};
		71A6BD6E2CCBFDA8008BB9C2 /* Frameworks */ = {
			isa = PBXFrameworksBuildPhase;
			buildActionMask = 2147483647;
			files = (
			);
			runOnlyForDeploymentPostprocessing = 0;
		};
		71A6BD782CCBFDA8008BB9C2 /* Frameworks */ = {
			isa = PBXFrameworksBuildPhase;
			buildActionMask = 2147483647;
			files = (
			);
			runOnlyForDeploymentPostprocessing = 0;
		};
/* End PBXFrameworksBuildPhase section */

/* Begin PBXGroup section */
		71A6BD582CCBFDA7008BB9C2 = {
			isa = PBXGroup;
			children = (
				71A6BD632CCBFDA7008BB9C2 /* CrowTrader */,
				71A6BD742CCBFDA8008BB9C2 /* CrowTraderTests */,
				71A6BD7E2CCBFDA8008BB9C2 /* CrowTraderUITests */,
				71A6BD622CCBFDA7008BB9C2 /* Products */,
			);
			sourceTree = "<group>";
		};
		71A6BD622CCBFDA7008BB9C2 /* Products */ = {
			isa = PBXGroup;
			children = (
				71A6BD612CCBFDA7008BB9C2 /* CrowTrader.app */,
				71A6BD712CCBFDA8008BB9C2 /* CrowTraderTests.xctest */,
				71A6BD7B2CCBFDA8008BB9C2 /* CrowTraderUITests.xctest */,
			);
			name = Products;
			sourceTree = "<group>";
		};
		71A6BD632CCBFDA7008BB9C2 /* CrowTrader */ = {
			isa = PBXGroup;
			children = (
				71A6BDD62CCC0949008BB9C2 /* Networking */,
				71A6BDD52CCC0916008BB9C2 /* Application */,
				71A6BDC02CCBFE22008BB9C2 /* Coordinator */,
				71A6BDC72CCC02D9008BB9C2 /* DependencyInjection */,
				8D0002192D8DAE6E00CD0D39 /* ViewModel */,
				8D0002182D8DAE5400CD0D39 /* View */,
				71A6BDCD2CCC0395008BB9C2 /* Model */,
				71A6BDD02CCC04CA008BB9C2 /* Protocols */,
				71A6BD6A2CCBFDA8008BB9C2 /* Preview Content */,
			);
			path = CrowTrader;
			sourceTree = "<group>";
		};
		71A6BD6A2CCBFDA8008BB9C2 /* Preview Content */ = {
			isa = PBXGroup;
			children = (
				71A6BDDB2CCC1112008BB9C2 /* Info.plist */,
				71A6BD682CCBFDA8008BB9C2 /* Assets.xcassets */,
				71A6BD6B2CCBFDA8008BB9C2 /* Preview Assets.xcassets */,
			);
			path = "Preview Content";
			sourceTree = "<group>";
		};
		71A6BD742CCBFDA8008BB9C2 /* CrowTraderTests */ = {
			isa = PBXGroup;
			children = (
				71A6BD752CCBFDA8008BB9C2 /* CrowTraderTests.swift */,
			);
			path = CrowTraderTests;
			sourceTree = "<group>";
		};
		71A6BD7E2CCBFDA8008BB9C2 /* CrowTraderUITests */ = {
			isa = PBXGroup;
			children = (
				71A6BD7F2CCBFDA8008BB9C2 /* CrowTraderUITests.swift */,
				71A6BD812CCBFDA8008BB9C2 /* CrowTraderUITestsLaunchTests.swift */,
			);
			path = CrowTraderUITests;
			sourceTree = "<group>";
		};
		71A6BDC02CCBFE22008BB9C2 /* Coordinator */ = {
			isa = PBXGroup;
			children = (
				71A6BDD32CCC05F0008BB9C2 /* AppCoordinator.swift */,
				71A6BDC12CCBFE3A008BB9C2 /* CrowTraderCoordinator.swift */,
			);
			path = Coordinator;
			sourceTree = "<group>";
		};
		71A6BDC72CCC02D9008BB9C2 /* DependencyInjection */ = {
			isa = PBXGroup;
			children = (
				71A6BDC82CCC02F8008BB9C2 /* DIContainer.swift */,
			);
			path = DependencyInjection;
			sourceTree = "<group>";
		};
		71A6BDCD2CCC0395008BB9C2 /* Model */ = {
			isa = PBXGroup;
			children = (
				71A6BDCA2CCC038E008BB9C2 /* CrowTrader.xcdatamodeld */,
				71A6BDCE2CCC03B4008BB9C2 /* CoreDataController.swift */,
				8DB5BF8B2D8EB442007EBFA2 /* StockData.swift */,
				8DB5BFA82D914637007EBFA2 /* ChartData.swift */,
				8DB5BFAA2D914646007EBFA2 /* InfoData.swift */,
				8DB5BFAC2D91465D007EBFA2 /* SearchData.swift */,
				8DB5BFAE2D91466D007EBFA2 /* NewsData.swift */,
				8DB5BFB02D91467C007EBFA2 /* MoversData.swift */,
			);
			path = Model;
			sourceTree = "<group>";
		};
		71A6BDD02CCC04CA008BB9C2 /* Protocols */ = {
			isa = PBXGroup;
			children = (
				71A6BDD12CCC04DA008BB9C2 /* Coordinator.swift */,
			);
			path = Protocols;
			sourceTree = "<group>";
		};
		71A6BDD52CCC0916008BB9C2 /* Application */ = {
			isa = PBXGroup;
			children = (
				71A6BDD72CCC09AA008BB9C2 /* AppDelegate.swift */,
				71A6BDD92CCC09B5008BB9C2 /* SceneDelegate.swift */,
			);
			path = Application;
			sourceTree = "<group>";
		};
		71A6BDD62CCC0949008BB9C2 /* Networking */ = {
			isa = PBXGroup;
			children = (
				8D00021C2D8DB7B500CD0D39 /* APIManaging.swift */,
				8D00021E2D8DB82800CD0D39 /* Endpoint.swift */,
				8D0002202D8E94F500CD0D39 /* APIError.swift */,
				8D0002222D8E95E400CD0D39 /* StockDataRouter.swift */,
				8DB5BFA42D9142C8007EBFA2 /* NewsDataRouter.swift */,
				8DB5BFA62D91433E007EBFA2 /* MoversDataRouter.swift */,
			);
			path = Networking;
			sourceTree = "<group>";
		};
		8D0002182D8DAE5400CD0D39 /* View */ = {
			isa = PBXGroup;
			children = (
				8D0002242D8E9E5A00CD0D39 /* MainPageView.swift */,
				8D0002262D8E9F1800CD0D39 /* MainViewEventHeadling.swift */,
				8DB5BF8D2D8EB5BE007EBFA2 /* NewsDetailView.swift */,
				8DB5BF8F2D8EB5FD007EBFA2 /* NewsDetailViewEventHandling.swift */,
				8DB5BF912D8EB7A6007EBFA2 /* NewsListView.swift */,
				8DB5BF932D8EB852007EBFA2 /* NewsListViewEventHandling.swift */,
				8DB5BF952D8F58F5007EBFA2 /* SnapsListView.swift */,
				8DB5BF972D8F5911007EBFA2 /* StockPreview.swift */,
				8DB5BF9B2D8F59A7007EBFA2 /* StockPreviewEventHandling.swift */,
				8DB5BF992D8F5938007EBFA2 /* TabController.swift */,
				8DB5BF9D2D8F5E54007EBFA2 /* TabControllerEventHandling.swift */,
				8DB5BF9F2D8F5F03007EBFA2 /* WatchListView.swift */,
				8DB5BFB42D9191B6007EBFA2 /* StockChartView.swift */,
			);
			path = View;
			sourceTree = "<group>";
		};
		8D0002192D8DAE6E00CD0D39 /* ViewModel */ = {
			isa = PBXGroup;
			children = (
				8D00021A2D8DAE9300CD0D39 /* MainScreenViewModel.swift */,
				8DB5BFB62D919672007EBFA2 /* NewsListSceenViewModel.swift */,
				8DB5BFB22D917A9D007EBFA2 /* StockPreviewViewModel.swift */,
			);
			path = ViewModel;
			sourceTree = "<group>";
		};
/* End PBXGroup section */

/* Begin PBXNativeTarget section */
		71A6BD602CCBFDA7008BB9C2 /* CrowTrader */ = {
			isa = PBXNativeTarget;
			buildConfigurationList = 71A6BDB12CCBFDA9008BB9C2 /* Build configuration list for PBXNativeTarget "CrowTrader" */;
			buildPhases = (
				71A6BD5D2CCBFDA7008BB9C2 /* Sources */,
				71A6BD5E2CCBFDA7008BB9C2 /* Frameworks */,
				71A6BD5F2CCBFDA7008BB9C2 /* Resources */,
				71A6BDB02CCBFDA9008BB9C2 /* Embed Watch Content */,
			);
			buildRules = (
			);
			dependencies = (
			);
			name = CrowTrader;
			productName = CrowTrader;
			productReference = 71A6BD612CCBFDA7008BB9C2 /* CrowTrader.app */;
			productType = "com.apple.product-type.application";
		};
		71A6BD702CCBFDA8008BB9C2 /* CrowTraderTests */ = {
			isa = PBXNativeTarget;
			buildConfigurationList = 71A6BDB42CCBFDA9008BB9C2 /* Build configuration list for PBXNativeTarget "CrowTraderTests" */;
			buildPhases = (
				71A6BD6D2CCBFDA8008BB9C2 /* Sources */,
				71A6BD6E2CCBFDA8008BB9C2 /* Frameworks */,
				71A6BD6F2CCBFDA8008BB9C2 /* Resources */,
			);
			buildRules = (
			);
			dependencies = (
				71A6BD732CCBFDA8008BB9C2 /* PBXTargetDependency */,
			);
			name = CrowTraderTests;
			productName = CrowTraderTests;
			productReference = 71A6BD712CCBFDA8008BB9C2 /* CrowTraderTests.xctest */;
			productType = "com.apple.product-type.bundle.unit-test";
		};
		71A6BD7A2CCBFDA8008BB9C2 /* CrowTraderUITests */ = {
			isa = PBXNativeTarget;
			buildConfigurationList = 71A6BDB72CCBFDA9008BB9C2 /* Build configuration list for PBXNativeTarget "CrowTraderUITests" */;
			buildPhases = (
				71A6BD772CCBFDA8008BB9C2 /* Sources */,
				71A6BD782CCBFDA8008BB9C2 /* Frameworks */,
				71A6BD792CCBFDA8008BB9C2 /* Resources */,
			);
			buildRules = (
			);
			dependencies = (
				71A6BD7D2CCBFDA8008BB9C2 /* PBXTargetDependency */,
			);
			name = CrowTraderUITests;
			productName = CrowTraderUITests;
			productReference = 71A6BD7B2CCBFDA8008BB9C2 /* CrowTraderUITests.xctest */;
			productType = "com.apple.product-type.bundle.ui-testing";
		};
/* End PBXNativeTarget section */

/* Begin PBXProject section */
		71A6BD592CCBFDA7008BB9C2 /* Project object */ = {
			isa = PBXProject;
			attributes = {
				BuildIndependentTargetsInParallel = 1;
				LastSwiftUpdateCheck = 1540;
				LastUpgradeCheck = 1610;
				TargetAttributes = {
					71A6BD602CCBFDA7008BB9C2 = {
						CreatedOnToolsVersion = 15.4;
					};
					71A6BD702CCBFDA8008BB9C2 = {
						CreatedOnToolsVersion = 15.4;
						TestTargetID = 71A6BD602CCBFDA7008BB9C2;
					};
					71A6BD7A2CCBFDA8008BB9C2 = {
						CreatedOnToolsVersion = 15.4;
						TestTargetID = 71A6BD602CCBFDA7008BB9C2;
					};
				};
			};
			buildConfigurationList = 71A6BD5C2CCBFDA7008BB9C2 /* Build configuration list for PBXProject "CrowTrader" */;
			compatibilityVersion = "Xcode 14.0";
			developmentRegion = en;
			hasScannedForEncodings = 0;
			knownRegions = (
				en,
				Base,
			);
			mainGroup = 71A6BD582CCBFDA7008BB9C2;
			productRefGroup = 71A6BD622CCBFDA7008BB9C2 /* Products */;
			projectDirPath = "";
			projectRoot = "";
			targets = (
				71A6BD602CCBFDA7008BB9C2 /* CrowTrader */,
				71A6BD702CCBFDA8008BB9C2 /* CrowTraderTests */,
				71A6BD7A2CCBFDA8008BB9C2 /* CrowTraderUITests */,
			);
		};
/* End PBXProject section */

/* Begin PBXResourcesBuildPhase section */
		71A6BD5F2CCBFDA7008BB9C2 /* Resources */ = {
			isa = PBXResourcesBuildPhase;
			buildActionMask = 2147483647;
			files = (
				71A6BD6C2CCBFDA8008BB9C2 /* Preview Assets.xcassets in Resources */,
				71A6BD692CCBFDA8008BB9C2 /* Assets.xcassets in Resources */,
			);
			runOnlyForDeploymentPostprocessing = 0;
		};
		71A6BD6F2CCBFDA8008BB9C2 /* Resources */ = {
			isa = PBXResourcesBuildPhase;
			buildActionMask = 2147483647;
			files = (
			);
			runOnlyForDeploymentPostprocessing = 0;
		};
		71A6BD792CCBFDA8008BB9C2 /* Resources */ = {
			isa = PBXResourcesBuildPhase;
			buildActionMask = 2147483647;
			files = (
			);
			runOnlyForDeploymentPostprocessing = 0;
		};
/* End PBXResourcesBuildPhase section */

/* Begin PBXSourcesBuildPhase section */
		71A6BD5D2CCBFDA7008BB9C2 /* Sources */ = {
			isa = PBXSourcesBuildPhase;
			buildActionMask = 2147483647;
			files = (
				8DB5BFAF2D91466D007EBFA2 /* NewsData.swift in Sources */,
				8DB5BF9A2D8F5938007EBFA2 /* TabController.swift in Sources */,
				8D0002272D8E9F1800CD0D39 /* MainViewEventHeadling.swift in Sources */,
				8DB5BF962D8F58F5007EBFA2 /* SnapsListView.swift in Sources */,
				8D0002232D8E95E400CD0D39 /* StockDataRouter.swift in Sources */,
				71A6BDD22CCC04DA008BB9C2 /* Coordinator.swift in Sources */,
				8DB5BF9C2D8F59A7007EBFA2 /* StockPreviewEventHandling.swift in Sources */,
				8DB5BF9E2D8F5E54007EBFA2 /* TabControllerEventHandling.swift in Sources */,
				8D00021B2D8DAE9300CD0D39 /* MainScreenViewModel.swift in Sources */,
				8DB5BFAD2D91465D007EBFA2 /* SearchData.swift in Sources */,
				71A6BDCC2CCC038E008BB9C2 /* CrowTrader.xcdatamodeld in Sources */,
				8DB5BFAB2D914647007EBFA2 /* InfoData.swift in Sources */,
				8DB5BFB52D9191B6007EBFA2 /* StockChartView.swift in Sources */,
				8D00021F2D8DB82800CD0D39 /* Endpoint.swift in Sources */,
				8DB5BF942D8EB852007EBFA2 /* NewsListViewEventHandling.swift in Sources */,
				71A6BDD82CCC09AA008BB9C2 /* AppDelegate.swift in Sources */,
				8DB5BFB12D91467C007EBFA2 /* MoversData.swift in Sources */,
				8DB5BF8C2D8EB442007EBFA2 /* StockData.swift in Sources */,
				8DB5BF982D8F5911007EBFA2 /* StockPreview.swift in Sources */,
				8DB5BFB32D917A9D007EBFA2 /* StockPreviewViewModel.swift in Sources */,
				8DB5BFA02D8F5F03007EBFA2 /* WatchListView.swift in Sources */,
				8DB5BF922D8EB7A6007EBFA2 /* NewsListView.swift in Sources */,
				8DB5BFA72D91433E007EBFA2 /* MoversDataRouter.swift in Sources */,
				71A6BDDA2CCC09B5008BB9C2 /* SceneDelegate.swift in Sources */,
				8DB5BFA92D914637007EBFA2 /* ChartData.swift in Sources */,
				71A6BDCF2CCC03B4008BB9C2 /* CoreDataController.swift in Sources */,
				8D0002252D8E9E5A00CD0D39 /* MainPageView.swift in Sources */,
				8D00021D2D8DB7B500CD0D39 /* APIManaging.swift in Sources */,
				71A6BDC92CCC02F8008BB9C2 /* DIContainer.swift in Sources */,
				71A6BDD42CCC05F0008BB9C2 /* AppCoordinator.swift in Sources */,
				8DB5BFA52D9142C8007EBFA2 /* NewsDataRouter.swift in Sources */,
				8DB5BF8E2D8EB5BE007EBFA2 /* NewsDetailView.swift in Sources */,
				71A6BDC22CCBFE3A008BB9C2 /* CrowTraderCoordinator.swift in Sources */,
				8DB5BF902D8EB5FD007EBFA2 /* NewsDetailViewEventHandling.swift in Sources */,
				8DB5BFB72D919672007EBFA2 /* NewsListSceenViewModel.swift in Sources */,
				8D0002212D8E94F500CD0D39 /* APIError.swift in Sources */,
			);
			runOnlyForDeploymentPostprocessing = 0;
		};
		71A6BD6D2CCBFDA8008BB9C2 /* Sources */ = {
			isa = PBXSourcesBuildPhase;
			buildActionMask = 2147483647;
			files = (
				71A6BD762CCBFDA8008BB9C2 /* CrowTraderTests.swift in Sources */,
			);
			runOnlyForDeploymentPostprocessing = 0;
		};
		71A6BD772CCBFDA8008BB9C2 /* Sources */ = {
			isa = PBXSourcesBuildPhase;
			buildActionMask = 2147483647;
			files = (
				71A6BD802CCBFDA8008BB9C2 /* CrowTraderUITests.swift in Sources */,
				71A6BD822CCBFDA8008BB9C2 /* CrowTraderUITestsLaunchTests.swift in Sources */,
			);
			runOnlyForDeploymentPostprocessing = 0;
		};
/* End PBXSourcesBuildPhase section */

/* Begin PBXTargetDependency section */
		71A6BD732CCBFDA8008BB9C2 /* PBXTargetDependency */ = {
			isa = PBXTargetDependency;
			target = 71A6BD602CCBFDA7008BB9C2 /* CrowTrader */;
			targetProxy = 71A6BD722CCBFDA8008BB9C2 /* PBXContainerItemProxy */;
		};
		71A6BD7D2CCBFDA8008BB9C2 /* PBXTargetDependency */ = {
			isa = PBXTargetDependency;
			target = 71A6BD602CCBFDA7008BB9C2 /* CrowTrader */;
			targetProxy = 71A6BD7C2CCBFDA8008BB9C2 /* PBXContainerItemProxy */;
		};
/* End PBXTargetDependency section */

/* Begin XCBuildConfiguration section */
		71A6BDAB2CCBFDA9008BB9C2 /* Debug */ = {
			isa = XCBuildConfiguration;
			buildSettings = {
				ALWAYS_SEARCH_USER_PATHS = NO;
				ASSETCATALOG_COMPILER_GENERATE_SWIFT_ASSET_SYMBOL_EXTENSIONS = YES;
				CLANG_ANALYZER_NONNULL = YES;
				CLANG_ANALYZER_NUMBER_OBJECT_CONVERSION = YES_AGGRESSIVE;
				CLANG_CXX_LANGUAGE_STANDARD = "gnu++20";
				CLANG_ENABLE_MODULES = YES;
				CLANG_ENABLE_OBJC_ARC = YES;
				CLANG_ENABLE_OBJC_WEAK = YES;
				CLANG_WARN_BLOCK_CAPTURE_AUTORELEASING = YES;
				CLANG_WARN_BOOL_CONVERSION = YES;
				CLANG_WARN_COMMA = YES;
				CLANG_WARN_CONSTANT_CONVERSION = YES;
				CLANG_WARN_DEPRECATED_OBJC_IMPLEMENTATIONS = YES;
				CLANG_WARN_DIRECT_OBJC_ISA_USAGE = YES_ERROR;
				CLANG_WARN_DOCUMENTATION_COMMENTS = YES;
				CLANG_WARN_EMPTY_BODY = YES;
				CLANG_WARN_ENUM_CONVERSION = YES;
				CLANG_WARN_INFINITE_RECURSION = YES;
				CLANG_WARN_INT_CONVERSION = YES;
				CLANG_WARN_NON_LITERAL_NULL_CONVERSION = YES;
				CLANG_WARN_OBJC_IMPLICIT_RETAIN_SELF = YES;
				CLANG_WARN_OBJC_LITERAL_CONVERSION = YES;
				CLANG_WARN_OBJC_ROOT_CLASS = YES_ERROR;
				CLANG_WARN_QUOTED_INCLUDE_IN_FRAMEWORK_HEADER = YES;
				CLANG_WARN_RANGE_LOOP_ANALYSIS = YES;
				CLANG_WARN_STRICT_PROTOTYPES = YES;
				CLANG_WARN_SUSPICIOUS_MOVE = YES;
				CLANG_WARN_UNGUARDED_AVAILABILITY = YES_AGGRESSIVE;
				CLANG_WARN_UNREACHABLE_CODE = YES;
				CLANG_WARN__DUPLICATE_METHOD_MATCH = YES;
				COPY_PHASE_STRIP = NO;
				DEAD_CODE_STRIPPING = YES;
				DEBUG_INFORMATION_FORMAT = dwarf;
				ENABLE_STRICT_OBJC_MSGSEND = YES;
				ENABLE_TESTABILITY = YES;
				ENABLE_USER_SCRIPT_SANDBOXING = YES;
				GCC_C_LANGUAGE_STANDARD = gnu17;
				GCC_DYNAMIC_NO_PIC = NO;
				GCC_NO_COMMON_BLOCKS = YES;
				GCC_OPTIMIZATION_LEVEL = 0;
				GCC_PREPROCESSOR_DEFINITIONS = (
					"DEBUG=1",
					"$(inherited)",
				);
				GCC_WARN_64_TO_32_BIT_CONVERSION = YES;
				GCC_WARN_ABOUT_RETURN_TYPE = YES_ERROR;
				GCC_WARN_UNDECLARED_SELECTOR = YES;
				GCC_WARN_UNINITIALIZED_AUTOS = YES_AGGRESSIVE;
				GCC_WARN_UNUSED_FUNCTION = YES;
				GCC_WARN_UNUSED_VARIABLE = YES;
				LOCALIZATION_PREFERS_STRING_CATALOGS = YES;
				MTL_ENABLE_DEBUG_INFO = INCLUDE_SOURCE;
				MTL_FAST_MATH = YES;
				ONLY_ACTIVE_ARCH = YES;
				SWIFT_ACTIVE_COMPILATION_CONDITIONS = "DEBUG $(inherited)";
				SWIFT_OPTIMIZATION_LEVEL = "-Onone";
			};
			name = Debug;
		};
		71A6BDAC2CCBFDA9008BB9C2 /* Release */ = {
			isa = XCBuildConfiguration;
			buildSettings = {
				ALWAYS_SEARCH_USER_PATHS = NO;
				ASSETCATALOG_COMPILER_GENERATE_SWIFT_ASSET_SYMBOL_EXTENSIONS = YES;
				CLANG_ANALYZER_NONNULL = YES;
				CLANG_ANALYZER_NUMBER_OBJECT_CONVERSION = YES_AGGRESSIVE;
				CLANG_CXX_LANGUAGE_STANDARD = "gnu++20";
				CLANG_ENABLE_MODULES = YES;
				CLANG_ENABLE_OBJC_ARC = YES;
				CLANG_ENABLE_OBJC_WEAK = YES;
				CLANG_WARN_BLOCK_CAPTURE_AUTORELEASING = YES;
				CLANG_WARN_BOOL_CONVERSION = YES;
				CLANG_WARN_COMMA = YES;
				CLANG_WARN_CONSTANT_CONVERSION = YES;
				CLANG_WARN_DEPRECATED_OBJC_IMPLEMENTATIONS = YES;
				CLANG_WARN_DIRECT_OBJC_ISA_USAGE = YES_ERROR;
				CLANG_WARN_DOCUMENTATION_COMMENTS = YES;
				CLANG_WARN_EMPTY_BODY = YES;
				CLANG_WARN_ENUM_CONVERSION = YES;
				CLANG_WARN_INFINITE_RECURSION = YES;
				CLANG_WARN_INT_CONVERSION = YES;
				CLANG_WARN_NON_LITERAL_NULL_CONVERSION = YES;
				CLANG_WARN_OBJC_IMPLICIT_RETAIN_SELF = YES;
				CLANG_WARN_OBJC_LITERAL_CONVERSION = YES;
				CLANG_WARN_OBJC_ROOT_CLASS = YES_ERROR;
				CLANG_WARN_QUOTED_INCLUDE_IN_FRAMEWORK_HEADER = YES;
				CLANG_WARN_RANGE_LOOP_ANALYSIS = YES;
				CLANG_WARN_STRICT_PROTOTYPES = YES;
				CLANG_WARN_SUSPICIOUS_MOVE = YES;
				CLANG_WARN_UNGUARDED_AVAILABILITY = YES_AGGRESSIVE;
				CLANG_WARN_UNREACHABLE_CODE = YES;
				CLANG_WARN__DUPLICATE_METHOD_MATCH = YES;
				COPY_PHASE_STRIP = NO;
				DEAD_CODE_STRIPPING = YES;
				DEBUG_INFORMATION_FORMAT = "dwarf-with-dsym";
				ENABLE_NS_ASSERTIONS = NO;
				ENABLE_STRICT_OBJC_MSGSEND = YES;
				ENABLE_USER_SCRIPT_SANDBOXING = YES;
				GCC_C_LANGUAGE_STANDARD = gnu17;
				GCC_NO_COMMON_BLOCKS = YES;
				GCC_WARN_64_TO_32_BIT_CONVERSION = YES;
				GCC_WARN_ABOUT_RETURN_TYPE = YES_ERROR;
				GCC_WARN_UNDECLARED_SELECTOR = YES;
				GCC_WARN_UNINITIALIZED_AUTOS = YES_AGGRESSIVE;
				GCC_WARN_UNUSED_FUNCTION = YES;
				GCC_WARN_UNUSED_VARIABLE = YES;
				LOCALIZATION_PREFERS_STRING_CATALOGS = YES;
				MTL_ENABLE_DEBUG_INFO = NO;
				MTL_FAST_MATH = YES;
				SWIFT_COMPILATION_MODE = wholemodule;
			};
			name = Release;
		};
		71A6BDB22CCBFDA9008BB9C2 /* Debug */ = {
			isa = XCBuildConfiguration;
			buildSettings = {
				ASSETCATALOG_COMPILER_APPICON_NAME = AppIcon;
				ASSETCATALOG_COMPILER_GLOBAL_ACCENT_COLOR_NAME = AccentColor;
				CODE_SIGN_STYLE = Automatic;
				CURRENT_PROJECT_VERSION = 1;
				DEVELOPMENT_ASSET_PATHS = "\"CrowTrader/Preview Content\"";
				DEVELOPMENT_TEAM = V36RW5TG62;
				ENABLE_PREVIEWS = YES;
				GENERATE_INFOPLIST_FILE = YES;
				INFOPLIST_FILE = "CrowTrader/Preview Content/Info.plist";
				INFOPLIST_KEY_CFBundleDisplayName = CrowTrader;
				INFOPLIST_KEY_UIApplicationSupportsIndirectInputEvents = YES;
				INFOPLIST_KEY_UILaunchScreen_Generation = YES;
				INFOPLIST_KEY_UISupportedInterfaceOrientations_iPad = "UIInterfaceOrientationPortrait UIInterfaceOrientationPortraitUpsideDown UIInterfaceOrientationLandscapeLeft UIInterfaceOrientationLandscapeRight";
				INFOPLIST_KEY_UISupportedInterfaceOrientations_iPhone = "UIInterfaceOrientationPortrait UIInterfaceOrientationLandscapeLeft UIInterfaceOrientationLandscapeRight";
				IPHONEOS_DEPLOYMENT_TARGET = 17.5;
				LD_RUNPATH_SEARCH_PATHS = (
					"$(inherited)",
					"@executable_path/Frameworks",
				);
				MARKETING_VERSION = 1.0;
				PRODUCT_BUNDLE_IDENTIFIER = cz.mendelu.CrowWallet;
				PRODUCT_NAME = "$(TARGET_NAME)";
				SDKROOT = iphoneos;
				SWIFT_EMIT_LOC_STRINGS = YES;
				SWIFT_VERSION = 5.0;
				TARGETED_DEVICE_FAMILY = "1,2";
			};
			name = Debug;
		};
		71A6BDB32CCBFDA9008BB9C2 /* Release */ = {
			isa = XCBuildConfiguration;
			buildSettings = {
				ASSETCATALOG_COMPILER_APPICON_NAME = AppIcon;
				ASSETCATALOG_COMPILER_GLOBAL_ACCENT_COLOR_NAME = AccentColor;
				CODE_SIGN_STYLE = Automatic;
				CURRENT_PROJECT_VERSION = 1;
				DEVELOPMENT_ASSET_PATHS = "\"CrowTrader/Preview Content\"";
				DEVELOPMENT_TEAM = V36RW5TG62;
				ENABLE_PREVIEWS = YES;
				GENERATE_INFOPLIST_FILE = YES;
				INFOPLIST_FILE = "CrowTrader/Preview Content/Info.plist";
				INFOPLIST_KEY_CFBundleDisplayName = CrowTrader;
				INFOPLIST_KEY_UIApplicationSupportsIndirectInputEvents = YES;
				INFOPLIST_KEY_UILaunchScreen_Generation = YES;
				INFOPLIST_KEY_UISupportedInterfaceOrientations_iPad = "UIInterfaceOrientationPortrait UIInterfaceOrientationPortraitUpsideDown UIInterfaceOrientationLandscapeLeft UIInterfaceOrientationLandscapeRight";
				INFOPLIST_KEY_UISupportedInterfaceOrientations_iPhone = "UIInterfaceOrientationPortrait UIInterfaceOrientationLandscapeLeft UIInterfaceOrientationLandscapeRight";
				IPHONEOS_DEPLOYMENT_TARGET = 17.5;
				LD_RUNPATH_SEARCH_PATHS = (
					"$(inherited)",
					"@executable_path/Frameworks",
				);
				MARKETING_VERSION = 1.0;
				PRODUCT_BUNDLE_IDENTIFIER = cz.mendelu.CrowWallet;
				PRODUCT_NAME = "$(TARGET_NAME)";
				SDKROOT = iphoneos;
				SWIFT_EMIT_LOC_STRINGS = YES;
				SWIFT_VERSION = 5.0;
				TARGETED_DEVICE_FAMILY = "1,2";
				VALIDATE_PRODUCT = YES;
			};
			name = Release;
		};
		71A6BDB52CCBFDA9008BB9C2 /* Debug */ = {
			isa = XCBuildConfiguration;
			buildSettings = {
				BUNDLE_LOADER = "$(TEST_HOST)";
				CODE_SIGN_STYLE = Automatic;
				CURRENT_PROJECT_VERSION = 1;
				DEVELOPMENT_TEAM = V36RW5TG62;
				GENERATE_INFOPLIST_FILE = YES;
				IPHONEOS_DEPLOYMENT_TARGET = 17.5;
				MARKETING_VERSION = 1.0;
				PRODUCT_BUNDLE_IDENTIFIER = cz.mendelu.CrowTraderTests;
				PRODUCT_NAME = "$(TARGET_NAME)";
				SDKROOT = iphoneos;
				SWIFT_EMIT_LOC_STRINGS = NO;
				SWIFT_VERSION = 5.0;
				TARGETED_DEVICE_FAMILY = "1,2";
				TEST_HOST = "$(BUILT_PRODUCTS_DIR)/CrowTrader.app/$(BUNDLE_EXECUTABLE_FOLDER_PATH)/CrowTrader";
			};
			name = Debug;
		};
		71A6BDB62CCBFDA9008BB9C2 /* Release */ = {
			isa = XCBuildConfiguration;
			buildSettings = {
				BUNDLE_LOADER = "$(TEST_HOST)";
				CODE_SIGN_STYLE = Automatic;
				CURRENT_PROJECT_VERSION = 1;
				DEVELOPMENT_TEAM = V36RW5TG62;
				GENERATE_INFOPLIST_FILE = YES;
				IPHONEOS_DEPLOYMENT_TARGET = 17.5;
				MARKETING_VERSION = 1.0;
				PRODUCT_BUNDLE_IDENTIFIER = cz.mendelu.CrowTraderTests;
				PRODUCT_NAME = "$(TARGET_NAME)";
				SDKROOT = iphoneos;
				SWIFT_EMIT_LOC_STRINGS = NO;
				SWIFT_VERSION = 5.0;
				TARGETED_DEVICE_FAMILY = "1,2";
				TEST_HOST = "$(BUILT_PRODUCTS_DIR)/CrowTrader.app/$(BUNDLE_EXECUTABLE_FOLDER_PATH)/CrowTrader";
				VALIDATE_PRODUCT = YES;
			};
			name = Release;
		};
		71A6BDB82CCBFDA9008BB9C2 /* Debug */ = {
			isa = XCBuildConfiguration;
			buildSettings = {
				CODE_SIGN_STYLE = Automatic;
				CURRENT_PROJECT_VERSION = 1;
				DEVELOPMENT_TEAM = V36RW5TG62;
				GENERATE_INFOPLIST_FILE = YES;
				IPHONEOS_DEPLOYMENT_TARGET = 17.5;
				MARKETING_VERSION = 1.0;
				PRODUCT_BUNDLE_IDENTIFIER = cz.mendelu.CrowTraderUITests;
				PRODUCT_NAME = "$(TARGET_NAME)";
				SDKROOT = iphoneos;
				SWIFT_EMIT_LOC_STRINGS = NO;
				SWIFT_VERSION = 5.0;
				TARGETED_DEVICE_FAMILY = "1,2";
				TEST_TARGET_NAME = CrowTrader;
			};
			name = Debug;
		};
		71A6BDB92CCBFDA9008BB9C2 /* Release */ = {
			isa = XCBuildConfiguration;
			buildSettings = {
				CODE_SIGN_STYLE = Automatic;
				CURRENT_PROJECT_VERSION = 1;
				DEVELOPMENT_TEAM = V36RW5TG62;
				GENERATE_INFOPLIST_FILE = YES;
				IPHONEOS_DEPLOYMENT_TARGET = 17.5;
				MARKETING_VERSION = 1.0;
				PRODUCT_BUNDLE_IDENTIFIER = cz.mendelu.CrowTraderUITests;
				PRODUCT_NAME = "$(TARGET_NAME)";
				SDKROOT = iphoneos;
				SWIFT_EMIT_LOC_STRINGS = NO;
				SWIFT_VERSION = 5.0;
				TARGETED_DEVICE_FAMILY = "1,2";
				TEST_TARGET_NAME = CrowTrader;
				VALIDATE_PRODUCT = YES;
			};
			name = Release;
		};
/* End XCBuildConfiguration section */

/* Begin XCConfigurationList section */
		71A6BD5C2CCBFDA7008BB9C2 /* Build configuration list for PBXProject "CrowTrader" */ = {
			isa = XCConfigurationList;
			buildConfigurations = (
				71A6BDAB2CCBFDA9008BB9C2 /* Debug */,
				71A6BDAC2CCBFDA9008BB9C2 /* Release */,
			);
			defaultConfigurationIsVisible = 0;
			defaultConfigurationName = Release;
		};
		71A6BDB12CCBFDA9008BB9C2 /* Build configuration list for PBXNativeTarget "CrowTrader" */ = {
			isa = XCConfigurationList;
			buildConfigurations = (
				71A6BDB22CCBFDA9008BB9C2 /* Debug */,
				71A6BDB32CCBFDA9008BB9C2 /* Release */,
			);
			defaultConfigurationIsVisible = 0;
			defaultConfigurationName = Release;
		};
		71A6BDB42CCBFDA9008BB9C2 /* Build configuration list for PBXNativeTarget "CrowTraderTests" */ = {
			isa = XCConfigurationList;
			buildConfigurations = (
				71A6BDB52CCBFDA9008BB9C2 /* Debug */,
				71A6BDB62CCBFDA9008BB9C2 /* Release */,
			);
			defaultConfigurationIsVisible = 0;
			defaultConfigurationName = Release;
		};
		71A6BDB72CCBFDA9008BB9C2 /* Build configuration list for PBXNativeTarget "CrowTraderUITests" */ = {
			isa = XCConfigurationList;
			buildConfigurations = (
				71A6BDB82CCBFDA9008BB9C2 /* Debug */,
				71A6BDB92CCBFDA9008BB9C2 /* Release */,
			);
			defaultConfigurationIsVisible = 0;
			defaultConfigurationName = Release;
		};
/* End XCConfigurationList section */

/* Begin XCVersionGroup section */
		71A6BDCA2CCC038E008BB9C2 /* CrowTrader.xcdatamodeld */ = {
			isa = XCVersionGroup;
			children = (
				71A6BDCB2CCC038E008BB9C2 /* CrowTrader.xcdatamodel */,
			);
			currentVersion = 71A6BDCB2CCC038E008BB9C2 /* CrowTrader.xcdatamodel */;
			path = CrowTrader.xcdatamodeld;
			sourceTree = "<group>";
			versionGroupType = wrapper.xcdatamodel;
		};
/* End XCVersionGroup section */
	};
	rootObject = 71A6BD592CCBFDA7008BB9C2 /* Project object */;
}
